// !$*UTF8*$!
{
	archiveVersion = 1;
	classes = {
	};
	objectVersion = 56;
	objects = {

/* Begin PBXBuildFile section */
		018EBDB329F0974100DF72E4 /* AppContentView.swift in Sources */ = {isa = PBXBuildFile; fileRef = 018EBDB229F0974000DF72E4 /* AppContentView.swift */; };
		018EBDB729F09D6F00DF72E4 /* LocationTracker.swift in Sources */ = {isa = PBXBuildFile; fileRef = 018EBDB629F09D6F00DF72E4 /* LocationTracker.swift */; };
		01F099DB29F5D00A007988E1 /* ViewNavigationManager.swift in Sources */ = {isa = PBXBuildFile; fileRef = 01F099DA29F5D00A007988E1 /* ViewNavigationManager.swift */; };
		01F099DD29F5E2EC007988E1 /* GetStartedView.swift in Sources */ = {isa = PBXBuildFile; fileRef = 01F099DC29F5E2EC007988E1 /* GetStartedView.swift */; };
		01F099E029F5E8C9007988E1 /* FriendsModel.swift in Sources */ = {isa = PBXBuildFile; fileRef = 01F099DF29F5E8C9007988E1 /* FriendsModel.swift */; };
		01F099E229F635B0007988E1 /* AppState.swift in Sources */ = {isa = PBXBuildFile; fileRef = 01F099E129F635B0007988E1 /* AppState.swift */; };
		01F099EC29FA365E007988E1 /* FirebaseAnalytics in Frameworks */ = {isa = PBXBuildFile; productRef = 01F099EB29FA365E007988E1 /* FirebaseAnalytics */; };
		01F099EE29FA365E007988E1 /* FirebaseAnalyticsOnDeviceConversion in Frameworks */ = {isa = PBXBuildFile; productRef = 01F099ED29FA365E007988E1 /* FirebaseAnalyticsOnDeviceConversion */; };
		01F099F029FA365E007988E1 /* FirebaseAnalyticsSwift in Frameworks */ = {isa = PBXBuildFile; productRef = 01F099EF29FA365E007988E1 /* FirebaseAnalyticsSwift */; };
		01F099F229FA365E007988E1 /* FirebaseAnalyticsWithoutAdIdSupport in Frameworks */ = {isa = PBXBuildFile; productRef = 01F099F129FA365E007988E1 /* FirebaseAnalyticsWithoutAdIdSupport */; };
		01F099F429FA365E007988E1 /* FirebaseAppCheck in Frameworks */ = {isa = PBXBuildFile; productRef = 01F099F329FA365E007988E1 /* FirebaseAppCheck */; };
		01F099F629FA365E007988E1 /* FirebaseAppDistribution-Beta in Frameworks */ = {isa = PBXBuildFile; productRef = 01F099F529FA365E007988E1 /* FirebaseAppDistribution-Beta */; };
		01F099F829FA365E007988E1 /* FirebaseAuth in Frameworks */ = {isa = PBXBuildFile; productRef = 01F099F729FA365E007988E1 /* FirebaseAuth */; };
		01F099FA29FA365E007988E1 /* FirebaseAuthCombine-Community in Frameworks */ = {isa = PBXBuildFile; productRef = 01F099F929FA365E007988E1 /* FirebaseAuthCombine-Community */; };
		01F099FC29FA365E007988E1 /* FirebaseCrashlytics in Frameworks */ = {isa = PBXBuildFile; productRef = 01F099FB29FA365E007988E1 /* FirebaseCrashlytics */; };
		01F099FE29FA365E007988E1 /* FirebaseDatabase in Frameworks */ = {isa = PBXBuildFile; productRef = 01F099FD29FA365E007988E1 /* FirebaseDatabase */; };
		01F09A0029FA365E007988E1 /* FirebaseDatabaseSwift in Frameworks */ = {isa = PBXBuildFile; productRef = 01F099FF29FA365E007988E1 /* FirebaseDatabaseSwift */; };
		01F09A0229FA365E007988E1 /* FirebaseDynamicLinks in Frameworks */ = {isa = PBXBuildFile; productRef = 01F09A0129FA365E007988E1 /* FirebaseDynamicLinks */; };
		01F09A0429FA365E007988E1 /* FirebaseFirestore in Frameworks */ = {isa = PBXBuildFile; productRef = 01F09A0329FA365E007988E1 /* FirebaseFirestore */; };
		01F09A0629FA365E007988E1 /* FirebaseFirestoreCombine-Community in Frameworks */ = {isa = PBXBuildFile; productRef = 01F09A0529FA365E007988E1 /* FirebaseFirestoreCombine-Community */; };
		01F09A0829FA365E007988E1 /* FirebaseFirestoreSwift in Frameworks */ = {isa = PBXBuildFile; productRef = 01F09A0729FA365E007988E1 /* FirebaseFirestoreSwift */; };
		01F09A0A29FA365E007988E1 /* FirebaseFunctions in Frameworks */ = {isa = PBXBuildFile; productRef = 01F09A0929FA365E007988E1 /* FirebaseFunctions */; };
		01F09A0C29FA365E007988E1 /* FirebaseFunctionsCombine-Community in Frameworks */ = {isa = PBXBuildFile; productRef = 01F09A0B29FA365E007988E1 /* FirebaseFunctionsCombine-Community */; };
		01F09A0E29FA365E007988E1 /* FirebaseInAppMessaging-Beta in Frameworks */ = {isa = PBXBuildFile; productRef = 01F09A0D29FA365E007988E1 /* FirebaseInAppMessaging-Beta */; };
		01F09A1029FA365E007988E1 /* FirebaseInAppMessagingSwift-Beta in Frameworks */ = {isa = PBXBuildFile; productRef = 01F09A0F29FA365E007988E1 /* FirebaseInAppMessagingSwift-Beta */; };
		01F09A1229FA365E007988E1 /* FirebaseInstallations in Frameworks */ = {isa = PBXBuildFile; productRef = 01F09A1129FA365E007988E1 /* FirebaseInstallations */; };
		01F09A1429FA365E007988E1 /* FirebaseMLModelDownloader in Frameworks */ = {isa = PBXBuildFile; productRef = 01F09A1329FA365E007988E1 /* FirebaseMLModelDownloader */; };
		01F09A1629FA365E007988E1 /* FirebaseMessaging in Frameworks */ = {isa = PBXBuildFile; productRef = 01F09A1529FA365E007988E1 /* FirebaseMessaging */; };
		01F09A1829FA365E007988E1 /* FirebasePerformance in Frameworks */ = {isa = PBXBuildFile; productRef = 01F09A1729FA365E007988E1 /* FirebasePerformance */; };
		01F09A1A29FA365E007988E1 /* FirebaseRemoteConfig in Frameworks */ = {isa = PBXBuildFile; productRef = 01F09A1929FA365E007988E1 /* FirebaseRemoteConfig */; };
		01F09A1C29FA365E007988E1 /* FirebaseRemoteConfigSwift in Frameworks */ = {isa = PBXBuildFile; productRef = 01F09A1B29FA365E007988E1 /* FirebaseRemoteConfigSwift */; };
		01F09A1E29FA365E007988E1 /* FirebaseStorage in Frameworks */ = {isa = PBXBuildFile; productRef = 01F09A1D29FA365E007988E1 /* FirebaseStorage */; };
		01F09A2029FA365E007988E1 /* FirebaseStorageCombine-Community in Frameworks */ = {isa = PBXBuildFile; productRef = 01F09A1F29FA365E007988E1 /* FirebaseStorageCombine-Community */; };
		01F09A2729FB4ED2007988E1 /* FireBaseManager.swift in Sources */ = {isa = PBXBuildFile; fileRef = 01F09A2629FB4ED2007988E1 /* FireBaseManager.swift */; };
		01F09A2929FB7DFF007988E1 /* GoogleService-Info.plist in Resources */ = {isa = PBXBuildFile; fileRef = 01F09A2829FB7DFE007988E1 /* GoogleService-Info.plist */; };
		01F8C12D29F10F1D00E91E9A /* MapView.swift in Sources */ = {isa = PBXBuildFile; fileRef = 01F8C12C29F10F1D00E91E9A /* MapView.swift */; };
		01F8C12F29F10FCB00E91E9A /* Coordinator.swift in Sources */ = {isa = PBXBuildFile; fileRef = 01F8C12E29F10FCB00E91E9A /* Coordinator.swift */; };
		58446D1929EFCA15006EF0DA /* Final_ProjectApp.swift in Sources */ = {isa = PBXBuildFile; fileRef = 58446D1829EFCA15006EF0DA /* Final_ProjectApp.swift */; };
		58446D1B29EFCA15006EF0DA /* ContentView.swift in Sources */ = {isa = PBXBuildFile; fileRef = 58446D1A29EFCA15006EF0DA /* ContentView.swift */; };
		58446D1D29EFCA16006EF0DA /* Assets.xcassets in Resources */ = {isa = PBXBuildFile; fileRef = 58446D1C29EFCA16006EF0DA /* Assets.xcassets */; };
		58446D2029EFCA16006EF0DA /* Preview Assets.xcassets in Resources */ = {isa = PBXBuildFile; fileRef = 58446D1F29EFCA16006EF0DA /* Preview Assets.xcassets */; };
		58446D2A29EFCA16006EF0DA /* Final_ProjectTests.swift in Sources */ = {isa = PBXBuildFile; fileRef = 58446D2929EFCA16006EF0DA /* Final_ProjectTests.swift */; };
		58446D3429EFCA16006EF0DA /* Final_ProjectUITests.swift in Sources */ = {isa = PBXBuildFile; fileRef = 58446D3329EFCA16006EF0DA /* Final_ProjectUITests.swift */; };
		58446D3629EFCA16006EF0DA /* Final_ProjectUITestsLaunchTests.swift in Sources */ = {isa = PBXBuildFile; fileRef = 58446D3529EFCA16006EF0DA /* Final_ProjectUITestsLaunchTests.swift */; };
		58446D4529EFCEBF006EF0DA /* LogInView.swift in Sources */ = {isa = PBXBuildFile; fileRef = 58446D4429EFCEBF006EF0DA /* LogInView.swift */; };
		58446D4729EFD00A006EF0DA /* MainFrameView.swift in Sources */ = {isa = PBXBuildFile; fileRef = 58446D4629EFD00A006EF0DA /* MainFrameView.swift */; };
		58446D4B29EFD0DB006EF0DA /* AddFriendView.swift in Sources */ = {isa = PBXBuildFile; fileRef = 58446D4A29EFD0DB006EF0DA /* AddFriendView.swift */; };
		58446D4D29EFD127006EF0DA /* SettingView.swift in Sources */ = {isa = PBXBuildFile; fileRef = 58446D4C29EFD127006EF0DA /* SettingView.swift */; };
		58446D5329EFD2FE006EF0DA /* ProfileView.swift in Sources */ = {isa = PBXBuildFile; fileRef = 58446D5229EFD2FE006EF0DA /* ProfileView.swift */; };
		58446D5529F676E4006EF0DA /* AddNoteView.swift in Sources */ = {isa = PBXBuildFile; fileRef = 58446D5429F676E4006EF0DA /* AddNoteView.swift */; };
		58446D5729F677D2006EF0DA /* UIImagePickerController.swift in Sources */ = {isa = PBXBuildFile; fileRef = 58446D5629F677D2006EF0DA /* UIImagePickerController.swift */; };
		58446D5B29F67AC4006EF0DA /* Note.swift in Sources */ = {isa = PBXBuildFile; fileRef = 58446D5A29F67AC4006EF0DA /* Note.swift */; };
		58446D5D29F67B1F006EF0DA /* ObservableObject.swift in Sources */ = {isa = PBXBuildFile; fileRef = 58446D5C29F67B1F006EF0DA /* ObservableObject.swift */; };
/* End PBXBuildFile section */

/* Begin PBXContainerItemProxy section */
		58446D2629EFCA16006EF0DA /* PBXContainerItemProxy */ = {
			isa = PBXContainerItemProxy;
			containerPortal = 58446D0D29EFCA15006EF0DA /* Project object */;
			proxyType = 1;
			remoteGlobalIDString = 58446D1429EFCA15006EF0DA;
			remoteInfo = "Final Project";
		};
		58446D3029EFCA16006EF0DA /* PBXContainerItemProxy */ = {
			isa = PBXContainerItemProxy;
			containerPortal = 58446D0D29EFCA15006EF0DA /* Project object */;
			proxyType = 1;
			remoteGlobalIDString = 58446D1429EFCA15006EF0DA;
			remoteInfo = "Final Project";
		};
/* End PBXContainerItemProxy section */

/* Begin PBXFileReference section */
		018EBDB229F0974000DF72E4 /* AppContentView.swift */ = {isa = PBXFileReference; lastKnownFileType = sourcecode.swift; path = AppContentView.swift; sourceTree = "<group>"; };
		018EBDB629F09D6F00DF72E4 /* LocationTracker.swift */ = {isa = PBXFileReference; lastKnownFileType = sourcecode.swift; path = LocationTracker.swift; sourceTree = "<group>"; };
		018EBDB829F0CE9000DF72E4 /* Final-Project-Info.plist */ = {isa = PBXFileReference; lastKnownFileType = text.plist; path = "Final-Project-Info.plist"; sourceTree = SOURCE_ROOT; };
		01F099DA29F5D00A007988E1 /* ViewNavigationManager.swift */ = {isa = PBXFileReference; lastKnownFileType = sourcecode.swift; path = ViewNavigationManager.swift; sourceTree = "<group>"; };
		01F099DC29F5E2EC007988E1 /* GetStartedView.swift */ = {isa = PBXFileReference; lastKnownFileType = sourcecode.swift; path = GetStartedView.swift; sourceTree = "<group>"; };
		01F099DF29F5E8C9007988E1 /* FriendsModel.swift */ = {isa = PBXFileReference; lastKnownFileType = sourcecode.swift; path = FriendsModel.swift; sourceTree = "<group>"; };
		01F099E129F635B0007988E1 /* AppState.swift */ = {isa = PBXFileReference; lastKnownFileType = sourcecode.swift; path = AppState.swift; sourceTree = "<group>"; };
		01F09A2629FB4ED2007988E1 /* FireBaseManager.swift */ = {isa = PBXFileReference; lastKnownFileType = sourcecode.swift; path = FireBaseManager.swift; sourceTree = "<group>"; };
		01F09A2829FB7DFE007988E1 /* GoogleService-Info.plist */ = {isa = PBXFileReference; fileEncoding = 4; lastKnownFileType = text.plist.xml; name = "GoogleService-Info.plist"; path = "../../../../Downloads/GoogleService-Info.plist"; sourceTree = "<group>"; };
		01F8C12C29F10F1D00E91E9A /* MapView.swift */ = {isa = PBXFileReference; lastKnownFileType = sourcecode.swift; path = MapView.swift; sourceTree = "<group>"; };
		01F8C12E29F10FCB00E91E9A /* Coordinator.swift */ = {isa = PBXFileReference; lastKnownFileType = sourcecode.swift; path = Coordinator.swift; sourceTree = "<group>"; };
		58446D1529EFCA15006EF0DA /* Final Project.app */ = {isa = PBXFileReference; explicitFileType = wrapper.application; includeInIndex = 0; path = "Final Project.app"; sourceTree = BUILT_PRODUCTS_DIR; };
		58446D1829EFCA15006EF0DA /* Final_ProjectApp.swift */ = {isa = PBXFileReference; lastKnownFileType = sourcecode.swift; path = Final_ProjectApp.swift; sourceTree = "<group>"; };
		58446D1A29EFCA15006EF0DA /* ContentView.swift */ = {isa = PBXFileReference; lastKnownFileType = sourcecode.swift; path = ContentView.swift; sourceTree = "<group>"; };
		58446D1C29EFCA16006EF0DA /* Assets.xcassets */ = {isa = PBXFileReference; lastKnownFileType = folder.assetcatalog; path = Assets.xcassets; sourceTree = "<group>"; };
		58446D1F29EFCA16006EF0DA /* Preview Assets.xcassets */ = {isa = PBXFileReference; lastKnownFileType = folder.assetcatalog; path = "Preview Assets.xcassets"; sourceTree = "<group>"; };
		58446D2529EFCA16006EF0DA /* Final ProjectTests.xctest */ = {isa = PBXFileReference; explicitFileType = wrapper.cfbundle; includeInIndex = 0; path = "Final ProjectTests.xctest"; sourceTree = BUILT_PRODUCTS_DIR; };
		58446D2929EFCA16006EF0DA /* Final_ProjectTests.swift */ = {isa = PBXFileReference; lastKnownFileType = sourcecode.swift; path = Final_ProjectTests.swift; sourceTree = "<group>"; };
		58446D2F29EFCA16006EF0DA /* Final ProjectUITests.xctest */ = {isa = PBXFileReference; explicitFileType = wrapper.cfbundle; includeInIndex = 0; path = "Final ProjectUITests.xctest"; sourceTree = BUILT_PRODUCTS_DIR; };
		58446D3329EFCA16006EF0DA /* Final_ProjectUITests.swift */ = {isa = PBXFileReference; lastKnownFileType = sourcecode.swift; path = Final_ProjectUITests.swift; sourceTree = "<group>"; };
		58446D3529EFCA16006EF0DA /* Final_ProjectUITestsLaunchTests.swift */ = {isa = PBXFileReference; lastKnownFileType = sourcecode.swift; path = Final_ProjectUITestsLaunchTests.swift; sourceTree = "<group>"; };
		58446D4429EFCEBF006EF0DA /* LogInView.swift */ = {isa = PBXFileReference; lastKnownFileType = sourcecode.swift; path = LogInView.swift; sourceTree = "<group>"; };
		58446D4629EFD00A006EF0DA /* MainFrameView.swift */ = {isa = PBXFileReference; lastKnownFileType = sourcecode.swift; path = MainFrameView.swift; sourceTree = "<group>"; };
		58446D4A29EFD0DB006EF0DA /* AddFriendView.swift */ = {isa = PBXFileReference; lastKnownFileType = sourcecode.swift; path = AddFriendView.swift; sourceTree = "<group>"; };
		58446D4C29EFD127006EF0DA /* SettingView.swift */ = {isa = PBXFileReference; lastKnownFileType = sourcecode.swift; path = SettingView.swift; sourceTree = "<group>"; };
		58446D5229EFD2FE006EF0DA /* ProfileView.swift */ = {isa = PBXFileReference; lastKnownFileType = sourcecode.swift; path = ProfileView.swift; sourceTree = "<group>"; };
		58446D5429F676E4006EF0DA /* AddNoteView.swift */ = {isa = PBXFileReference; lastKnownFileType = sourcecode.swift; path = AddNoteView.swift; sourceTree = "<group>"; };
		58446D5629F677D2006EF0DA /* UIImagePickerController.swift */ = {isa = PBXFileReference; lastKnownFileType = sourcecode.swift; path = UIImagePickerController.swift; sourceTree = "<group>"; };
		58446D5A29F67AC4006EF0DA /* Note.swift */ = {isa = PBXFileReference; lastKnownFileType = sourcecode.swift; path = Note.swift; sourceTree = "<group>"; };
		58446D5C29F67B1F006EF0DA /* ObservableObject.swift */ = {isa = PBXFileReference; lastKnownFileType = sourcecode.swift; path = ObservableObject.swift; sourceTree = "<group>"; };
/* End PBXFileReference section */

/* Begin PBXFrameworksBuildPhase section */
		58446D1229EFCA15006EF0DA /* Frameworks */ = {
			isa = PBXFrameworksBuildPhase;
			buildActionMask = 2147483647;
			files = (
				01F099FE29FA365E007988E1 /* FirebaseDatabase in Frameworks */,
				01F09A0C29FA365E007988E1 /* FirebaseFunctionsCombine-Community in Frameworks */,
				01F09A0429FA365E007988E1 /* FirebaseFirestore in Frameworks */,
				01F099F029FA365E007988E1 /* FirebaseAnalyticsSwift in Frameworks */,
				01F099EC29FA365E007988E1 /* FirebaseAnalytics in Frameworks */,
				01F099EE29FA365E007988E1 /* FirebaseAnalyticsOnDeviceConversion in Frameworks */,
				01F09A1429FA365E007988E1 /* FirebaseMLModelDownloader in Frameworks */,
				01F09A0829FA365E007988E1 /* FirebaseFirestoreSwift in Frameworks */,
				01F099F429FA365E007988E1 /* FirebaseAppCheck in Frameworks */,
				01F099F229FA365E007988E1 /* FirebaseAnalyticsWithoutAdIdSupport in Frameworks */,
				01F099F829FA365E007988E1 /* FirebaseAuth in Frameworks */,
				01F099FC29FA365E007988E1 /* FirebaseCrashlytics in Frameworks */,
				01F09A1C29FA365E007988E1 /* FirebaseRemoteConfigSwift in Frameworks */,
				01F09A0E29FA365E007988E1 /* FirebaseInAppMessaging-Beta in Frameworks */,
				01F09A0029FA365E007988E1 /* FirebaseDatabaseSwift in Frameworks */,
				01F09A0A29FA365E007988E1 /* FirebaseFunctions in Frameworks */,
				01F09A2029FA365E007988E1 /* FirebaseStorageCombine-Community in Frameworks */,
				01F09A1A29FA365E007988E1 /* FirebaseRemoteConfig in Frameworks */,
				01F099F629FA365E007988E1 /* FirebaseAppDistribution-Beta in Frameworks */,
				01F099FA29FA365E007988E1 /* FirebaseAuthCombine-Community in Frameworks */,
				01F09A1829FA365E007988E1 /* FirebasePerformance in Frameworks */,
				01F09A1029FA365E007988E1 /* FirebaseInAppMessagingSwift-Beta in Frameworks */,
				01F09A1E29FA365E007988E1 /* FirebaseStorage in Frameworks */,
				01F09A0229FA365E007988E1 /* FirebaseDynamicLinks in Frameworks */,
				01F09A0629FA365E007988E1 /* FirebaseFirestoreCombine-Community in Frameworks */,
				01F09A1629FA365E007988E1 /* FirebaseMessaging in Frameworks */,
				01F09A1229FA365E007988E1 /* FirebaseInstallations in Frameworks */,
			);
			runOnlyForDeploymentPostprocessing = 0;
		};
		58446D2229EFCA16006EF0DA /* Frameworks */ = {
			isa = PBXFrameworksBuildPhase;
			buildActionMask = 2147483647;
			files = (
			);
			runOnlyForDeploymentPostprocessing = 0;
		};
		58446D2C29EFCA16006EF0DA /* Frameworks */ = {
			isa = PBXFrameworksBuildPhase;
			buildActionMask = 2147483647;
			files = (
			);
			runOnlyForDeploymentPostprocessing = 0;
		};
/* End PBXFrameworksBuildPhase section */

/* Begin PBXGroup section */
		018EBDB529F09D4A00DF72E4 /* LocationManager */ = {
			isa = PBXGroup;
			children = (
				01F8C12E29F10FCB00E91E9A /* Coordinator.swift */,
				01F8C12C29F10F1D00E91E9A /* MapView.swift */,
				018EBDB629F09D6F00DF72E4 /* LocationTracker.swift */,
			);
			path = LocationManager;
			sourceTree = "<group>";
		};
		01F099DE29F5E88F007988E1 /* DataModel */ = {
			isa = PBXGroup;
			children = (
				58446D5A29F67AC4006EF0DA /* Note.swift */,
				01F099DF29F5E8C9007988E1 /* FriendsModel.swift */,
			);
			path = DataModel;
			sourceTree = "<group>";
		};
		01F09A2529FB4EB7007988E1 /* Firebase */ = {
			isa = PBXGroup;
			children = (
				01F09A2629FB4ED2007988E1 /* FireBaseManager.swift */,
			);
			path = Firebase;
			sourceTree = "<group>";
		};
		58446D0C29EFCA15006EF0DA = {
			isa = PBXGroup;
			children = (
				58446D1729EFCA15006EF0DA /* Final Project */,
				58446D2829EFCA16006EF0DA /* Final ProjectTests */,
				58446D3229EFCA16006EF0DA /* Final ProjectUITests */,
				58446D1629EFCA15006EF0DA /* Products */,
			);
			sourceTree = "<group>";
		};
		58446D1629EFCA15006EF0DA /* Products */ = {
			isa = PBXGroup;
			children = (
				58446D1529EFCA15006EF0DA /* Final Project.app */,
				58446D2529EFCA16006EF0DA /* Final ProjectTests.xctest */,
				58446D2F29EFCA16006EF0DA /* Final ProjectUITests.xctest */,
			);
			name = Products;
			sourceTree = "<group>";
		};
		58446D1729EFCA15006EF0DA /* Final Project */ = {
			isa = PBXGroup;
			children = (
				01F09A2829FB7DFE007988E1 /* GoogleService-Info.plist */,
				018EBDB829F0CE9000DF72E4 /* Final-Project-Info.plist */,
				58446D1829EFCA15006EF0DA /* Final_ProjectApp.swift */,
				01F09A2529FB4EB7007988E1 /* Firebase */,
				01F099DE29F5E88F007988E1 /* DataModel */,
				018EBDB529F09D4A00DF72E4 /* LocationManager */,
				01F099DA29F5D00A007988E1 /* ViewNavigationManager.swift */,
				018EBDB229F0974000DF72E4 /* AppContentView.swift */,
				58446D1A29EFCA15006EF0DA /* ContentView.swift */,
				58446D4429EFCEBF006EF0DA /* LogInView.swift */,
				01F099DC29F5E2EC007988E1 /* GetStartedView.swift */,
				58446D4629EFD00A006EF0DA /* MainFrameView.swift */,
				58446D5229EFD2FE006EF0DA /* ProfileView.swift */,
				58446D4A29EFD0DB006EF0DA /* AddFriendView.swift */,
				58446D4C29EFD127006EF0DA /* SettingView.swift */,
				58446D5429F676E4006EF0DA /* AddNoteView.swift */,
				58446D5C29F67B1F006EF0DA /* ObservableObject.swift */,
				58446D5629F677D2006EF0DA /* UIImagePickerController.swift */,
				58446D1C29EFCA16006EF0DA /* Assets.xcassets */,
				58446D1E29EFCA16006EF0DA /* Preview Content */,
				01F099E129F635B0007988E1 /* AppState.swift */,
			);
			path = "Final Project";
			sourceTree = "<group>";
		};
		58446D1E29EFCA16006EF0DA /* Preview Content */ = {
			isa = PBXGroup;
			children = (
				58446D1F29EFCA16006EF0DA /* Preview Assets.xcassets */,
			);
			path = "Preview Content";
			sourceTree = "<group>";
		};
		58446D2829EFCA16006EF0DA /* Final ProjectTests */ = {
			isa = PBXGroup;
			children = (
				58446D2929EFCA16006EF0DA /* Final_ProjectTests.swift */,
			);
			path = "Final ProjectTests";
			sourceTree = "<group>";
		};
		58446D3229EFCA16006EF0DA /* Final ProjectUITests */ = {
			isa = PBXGroup;
			children = (
				58446D3329EFCA16006EF0DA /* Final_ProjectUITests.swift */,
				58446D3529EFCA16006EF0DA /* Final_ProjectUITestsLaunchTests.swift */,
			);
			path = "Final ProjectUITests";
			sourceTree = "<group>";
		};
/* End PBXGroup section */

/* Begin PBXNativeTarget section */
		58446D1429EFCA15006EF0DA /* Final Project */ = {
			isa = PBXNativeTarget;
			buildConfigurationList = 58446D3929EFCA16006EF0DA /* Build configuration list for PBXNativeTarget "Final Project" */;
			buildPhases = (
				58446D1129EFCA15006EF0DA /* Sources */,
				58446D1229EFCA15006EF0DA /* Frameworks */,
				58446D1329EFCA15006EF0DA /* Resources */,
			);
			buildRules = (
			);
			dependencies = (
			);
			name = "Final Project";
			packageProductDependencies = (
				01F099EB29FA365E007988E1 /* FirebaseAnalytics */,
				01F099ED29FA365E007988E1 /* FirebaseAnalyticsOnDeviceConversion */,
				01F099EF29FA365E007988E1 /* FirebaseAnalyticsSwift */,
				01F099F129FA365E007988E1 /* FirebaseAnalyticsWithoutAdIdSupport */,
				01F099F329FA365E007988E1 /* FirebaseAppCheck */,
				01F099F529FA365E007988E1 /* FirebaseAppDistribution-Beta */,
				01F099F729FA365E007988E1 /* FirebaseAuth */,
				01F099F929FA365E007988E1 /* FirebaseAuthCombine-Community */,
				01F099FB29FA365E007988E1 /* FirebaseCrashlytics */,
				01F099FD29FA365E007988E1 /* FirebaseDatabase */,
				01F099FF29FA365E007988E1 /* FirebaseDatabaseSwift */,
				01F09A0129FA365E007988E1 /* FirebaseDynamicLinks */,
				01F09A0329FA365E007988E1 /* FirebaseFirestore */,
				01F09A0529FA365E007988E1 /* FirebaseFirestoreCombine-Community */,
				01F09A0729FA365E007988E1 /* FirebaseFirestoreSwift */,
				01F09A0929FA365E007988E1 /* FirebaseFunctions */,
				01F09A0B29FA365E007988E1 /* FirebaseFunctionsCombine-Community */,
				01F09A0D29FA365E007988E1 /* FirebaseInAppMessaging-Beta */,
				01F09A0F29FA365E007988E1 /* FirebaseInAppMessagingSwift-Beta */,
				01F09A1129FA365E007988E1 /* FirebaseInstallations */,
				01F09A1329FA365E007988E1 /* FirebaseMLModelDownloader */,
				01F09A1529FA365E007988E1 /* FirebaseMessaging */,
				01F09A1729FA365E007988E1 /* FirebasePerformance */,
				01F09A1929FA365E007988E1 /* FirebaseRemoteConfig */,
				01F09A1B29FA365E007988E1 /* FirebaseRemoteConfigSwift */,
				01F09A1D29FA365E007988E1 /* FirebaseStorage */,
				01F09A1F29FA365E007988E1 /* FirebaseStorageCombine-Community */,
			);
			productName = "Final Project";
			productReference = 58446D1529EFCA15006EF0DA /* Final Project.app */;
			productType = "com.apple.product-type.application";
		};
		58446D2429EFCA16006EF0DA /* Final ProjectTests */ = {
			isa = PBXNativeTarget;
			buildConfigurationList = 58446D3C29EFCA16006EF0DA /* Build configuration list for PBXNativeTarget "Final ProjectTests" */;
			buildPhases = (
				58446D2129EFCA16006EF0DA /* Sources */,
				58446D2229EFCA16006EF0DA /* Frameworks */,
				58446D2329EFCA16006EF0DA /* Resources */,
			);
			buildRules = (
			);
			dependencies = (
				58446D2729EFCA16006EF0DA /* PBXTargetDependency */,
			);
			name = "Final ProjectTests";
			productName = "Final ProjectTests";
			productReference = 58446D2529EFCA16006EF0DA /* Final ProjectTests.xctest */;
			productType = "com.apple.product-type.bundle.unit-test";
		};
		58446D2E29EFCA16006EF0DA /* Final ProjectUITests */ = {
			isa = PBXNativeTarget;
			buildConfigurationList = 58446D3F29EFCA16006EF0DA /* Build configuration list for PBXNativeTarget "Final ProjectUITests" */;
			buildPhases = (
				58446D2B29EFCA16006EF0DA /* Sources */,
				58446D2C29EFCA16006EF0DA /* Frameworks */,
				58446D2D29EFCA16006EF0DA /* Resources */,
			);
			buildRules = (
			);
			dependencies = (
				58446D3129EFCA16006EF0DA /* PBXTargetDependency */,
			);
			name = "Final ProjectUITests";
			productName = "Final ProjectUITests";
			productReference = 58446D2F29EFCA16006EF0DA /* Final ProjectUITests.xctest */;
			productType = "com.apple.product-type.bundle.ui-testing";
		};
/* End PBXNativeTarget section */

/* Begin PBXProject section */
		58446D0D29EFCA15006EF0DA /* Project object */ = {
			isa = PBXProject;
			attributes = {
				BuildIndependentTargetsInParallel = 1;
				LastSwiftUpdateCheck = 1430;
				LastUpgradeCheck = 1430;
				TargetAttributes = {
					58446D1429EFCA15006EF0DA = {
						CreatedOnToolsVersion = 14.3;
					};
					58446D2429EFCA16006EF0DA = {
						CreatedOnToolsVersion = 14.3;
						TestTargetID = 58446D1429EFCA15006EF0DA;
					};
					58446D2E29EFCA16006EF0DA = {
						CreatedOnToolsVersion = 14.3;
						TestTargetID = 58446D1429EFCA15006EF0DA;
					};
				};
			};
			buildConfigurationList = 58446D1029EFCA15006EF0DA /* Build configuration list for PBXProject "Final Project" */;
			compatibilityVersion = "Xcode 14.0";
			developmentRegion = en;
			hasScannedForEncodings = 0;
			knownRegions = (
				en,
				Base,
			);
			mainGroup = 58446D0C29EFCA15006EF0DA;
			packageReferences = (
				01F099EA29FA365E007988E1 /* XCRemoteSwiftPackageReference "firebase-ios-sdk" */,
			);
			productRefGroup = 58446D1629EFCA15006EF0DA /* Products */;
			projectDirPath = "";
			projectRoot = "";
			targets = (
				58446D1429EFCA15006EF0DA /* Final Project */,
				58446D2429EFCA16006EF0DA /* Final ProjectTests */,
				58446D2E29EFCA16006EF0DA /* Final ProjectUITests */,
			);
		};
/* End PBXProject section */

/* Begin PBXResourcesBuildPhase section */
		58446D1329EFCA15006EF0DA /* Resources */ = {
			isa = PBXResourcesBuildPhase;
			buildActionMask = 2147483647;
			files = (
				58446D2029EFCA16006EF0DA /* Preview Assets.xcassets in Resources */,
				58446D1D29EFCA16006EF0DA /* Assets.xcassets in Resources */,
				01F09A2929FB7DFF007988E1 /* GoogleService-Info.plist in Resources */,
			);
			runOnlyForDeploymentPostprocessing = 0;
		};
		58446D2329EFCA16006EF0DA /* Resources */ = {
			isa = PBXResourcesBuildPhase;
			buildActionMask = 2147483647;
			files = (
			);
			runOnlyForDeploymentPostprocessing = 0;
		};
		58446D2D29EFCA16006EF0DA /* Resources */ = {
			isa = PBXResourcesBuildPhase;
			buildActionMask = 2147483647;
			files = (
			);
			runOnlyForDeploymentPostprocessing = 0;
		};
/* End PBXResourcesBuildPhase section */

/* Begin PBXSourcesBuildPhase section */
		58446D1129EFCA15006EF0DA /* Sources */ = {
			isa = PBXSourcesBuildPhase;
			buildActionMask = 2147483647;
			files = (
				018EBDB329F0974100DF72E4 /* AppContentView.swift in Sources */,
				58446D4B29EFD0DB006EF0DA /* AddFriendView.swift in Sources */,
				58446D5529F676E4006EF0DA /* AddNoteView.swift in Sources */,
				01F8C12D29F10F1D00E91E9A /* MapView.swift in Sources */,
				01F09A2729FB4ED2007988E1 /* FireBaseManager.swift in Sources */,
				58446D5329EFD2FE006EF0DA /* ProfileView.swift in Sources */,
				58446D5B29F67AC4006EF0DA /* Note.swift in Sources */,
				58446D5729F677D2006EF0DA /* UIImagePickerController.swift in Sources */,
				58446D1B29EFCA15006EF0DA /* ContentView.swift in Sources */,
				58446D4D29EFD127006EF0DA /* SettingView.swift in Sources */,
				01F099DB29F5D00A007988E1 /* ViewNavigationManager.swift in Sources */,
				58446D4729EFD00A006EF0DA /* MainFrameView.swift in Sources */,
				01F099E029F5E8C9007988E1 /* FriendsModel.swift in Sources */,
				01F8C12F29F10FCB00E91E9A /* Coordinator.swift in Sources */,
				01F099E229F635B0007988E1 /* AppState.swift in Sources */,
				58446D5D29F67B1F006EF0DA /* ObservableObject.swift in Sources */,
				58446D4529EFCEBF006EF0DA /* LogInView.swift in Sources */,
				01F099DD29F5E2EC007988E1 /* GetStartedView.swift in Sources */,
				58446D1929EFCA15006EF0DA /* Final_ProjectApp.swift in Sources */,
				018EBDB729F09D6F00DF72E4 /* LocationTracker.swift in Sources */,
			);
			runOnlyForDeploymentPostprocessing = 0;
		};
		58446D2129EFCA16006EF0DA /* Sources */ = {
			isa = PBXSourcesBuildPhase;
			buildActionMask = 2147483647;
			files = (
				58446D2A29EFCA16006EF0DA /* Final_ProjectTests.swift in Sources */,
			);
			runOnlyForDeploymentPostprocessing = 0;
		};
		58446D2B29EFCA16006EF0DA /* Sources */ = {
			isa = PBXSourcesBuildPhase;
			buildActionMask = 2147483647;
			files = (
				58446D3429EFCA16006EF0DA /* Final_ProjectUITests.swift in Sources */,
				58446D3629EFCA16006EF0DA /* Final_ProjectUITestsLaunchTests.swift in Sources */,
			);
			runOnlyForDeploymentPostprocessing = 0;
		};
/* End PBXSourcesBuildPhase section */

/* Begin PBXTargetDependency section */
		58446D2729EFCA16006EF0DA /* PBXTargetDependency */ = {
			isa = PBXTargetDependency;
			target = 58446D1429EFCA15006EF0DA /* Final Project */;
			targetProxy = 58446D2629EFCA16006EF0DA /* PBXContainerItemProxy */;
		};
		58446D3129EFCA16006EF0DA /* PBXTargetDependency */ = {
			isa = PBXTargetDependency;
			target = 58446D1429EFCA15006EF0DA /* Final Project */;
			targetProxy = 58446D3029EFCA16006EF0DA /* PBXContainerItemProxy */;
		};
/* End PBXTargetDependency section */

/* Begin XCBuildConfiguration section */
		58446D3729EFCA16006EF0DA /* Debug */ = {
			isa = XCBuildConfiguration;
			buildSettings = {
				ALWAYS_SEARCH_USER_PATHS = NO;
				CLANG_ANALYZER_NONNULL = YES;
				CLANG_ANALYZER_NUMBER_OBJECT_CONVERSION = YES_AGGRESSIVE;
				CLANG_CXX_LANGUAGE_STANDARD = "gnu++20";
				CLANG_ENABLE_MODULES = YES;
				CLANG_ENABLE_OBJC_ARC = YES;
				CLANG_ENABLE_OBJC_WEAK = YES;
				CLANG_WARN_BLOCK_CAPTURE_AUTORELEASING = YES;
				CLANG_WARN_BOOL_CONVERSION = YES;
				CLANG_WARN_COMMA = YES;
				CLANG_WARN_CONSTANT_CONVERSION = YES;
				CLANG_WARN_DEPRECATED_OBJC_IMPLEMENTATIONS = YES;
				CLANG_WARN_DIRECT_OBJC_ISA_USAGE = YES_ERROR;
				CLANG_WARN_DOCUMENTATION_COMMENTS = YES;
				CLANG_WARN_EMPTY_BODY = YES;
				CLANG_WARN_ENUM_CONVERSION = YES;
				CLANG_WARN_INFINITE_RECURSION = YES;
				CLANG_WARN_INT_CONVERSION = YES;
				CLANG_WARN_NON_LITERAL_NULL_CONVERSION = YES;
				CLANG_WARN_OBJC_IMPLICIT_RETAIN_SELF = YES;
				CLANG_WARN_OBJC_LITERAL_CONVERSION = YES;
				CLANG_WARN_OBJC_ROOT_CLASS = YES_ERROR;
				CLANG_WARN_QUOTED_INCLUDE_IN_FRAMEWORK_HEADER = YES;
				CLANG_WARN_RANGE_LOOP_ANALYSIS = YES;
				CLANG_WARN_STRICT_PROTOTYPES = YES;
				CLANG_WARN_SUSPICIOUS_MOVE = YES;
				CLANG_WARN_UNGUARDED_AVAILABILITY = YES_AGGRESSIVE;
				CLANG_WARN_UNREACHABLE_CODE = YES;
				CLANG_WARN__DUPLICATE_METHOD_MATCH = YES;
				COPY_PHASE_STRIP = NO;
				DEBUG_INFORMATION_FORMAT = dwarf;
				ENABLE_STRICT_OBJC_MSGSEND = YES;
				ENABLE_TESTABILITY = YES;
				GCC_C_LANGUAGE_STANDARD = gnu11;
				GCC_DYNAMIC_NO_PIC = NO;
				GCC_NO_COMMON_BLOCKS = YES;
				GCC_OPTIMIZATION_LEVEL = 0;
				GCC_PREPROCESSOR_DEFINITIONS = (
					"DEBUG=1",
					"$(inherited)",
				);
				GCC_WARN_64_TO_32_BIT_CONVERSION = YES;
				GCC_WARN_ABOUT_RETURN_TYPE = YES_ERROR;
				GCC_WARN_UNDECLARED_SELECTOR = YES;
				GCC_WARN_UNINITIALIZED_AUTOS = YES_AGGRESSIVE;
				GCC_WARN_UNUSED_FUNCTION = YES;
				GCC_WARN_UNUSED_VARIABLE = YES;
				IPHONEOS_DEPLOYMENT_TARGET = 16.4;
				MTL_ENABLE_DEBUG_INFO = INCLUDE_SOURCE;
				MTL_FAST_MATH = YES;
				ONLY_ACTIVE_ARCH = YES;
				SDKROOT = iphoneos;
				SWIFT_ACTIVE_COMPILATION_CONDITIONS = DEBUG;
				SWIFT_OPTIMIZATION_LEVEL = "-Onone";
			};
			name = Debug;
		};
		58446D3829EFCA16006EF0DA /* Release */ = {
			isa = XCBuildConfiguration;
			buildSettings = {
				ALWAYS_SEARCH_USER_PATHS = NO;
				CLANG_ANALYZER_NONNULL = YES;
				CLANG_ANALYZER_NUMBER_OBJECT_CONVERSION = YES_AGGRESSIVE;
				CLANG_CXX_LANGUAGE_STANDARD = "gnu++20";
				CLANG_ENABLE_MODULES = YES;
				CLANG_ENABLE_OBJC_ARC = YES;
				CLANG_ENABLE_OBJC_WEAK = YES;
				CLANG_WARN_BLOCK_CAPTURE_AUTORELEASING = YES;
				CLANG_WARN_BOOL_CONVERSION = YES;
				CLANG_WARN_COMMA = YES;
				CLANG_WARN_CONSTANT_CONVERSION = YES;
				CLANG_WARN_DEPRECATED_OBJC_IMPLEMENTATIONS = YES;
				CLANG_WARN_DIRECT_OBJC_ISA_USAGE = YES_ERROR;
				CLANG_WARN_DOCUMENTATION_COMMENTS = YES;
				CLANG_WARN_EMPTY_BODY = YES;
				CLANG_WARN_ENUM_CONVERSION = YES;
				CLANG_WARN_INFINITE_RECURSION = YES;
				CLANG_WARN_INT_CONVERSION = YES;
				CLANG_WARN_NON_LITERAL_NULL_CONVERSION = YES;
				CLANG_WARN_OBJC_IMPLICIT_RETAIN_SELF = YES;
				CLANG_WARN_OBJC_LITERAL_CONVERSION = YES;
				CLANG_WARN_OBJC_ROOT_CLASS = YES_ERROR;
				CLANG_WARN_QUOTED_INCLUDE_IN_FRAMEWORK_HEADER = YES;
				CLANG_WARN_RANGE_LOOP_ANALYSIS = YES;
				CLANG_WARN_STRICT_PROTOTYPES = YES;
				CLANG_WARN_SUSPICIOUS_MOVE = YES;
				CLANG_WARN_UNGUARDED_AVAILABILITY = YES_AGGRESSIVE;
				CLANG_WARN_UNREACHABLE_CODE = YES;
				CLANG_WARN__DUPLICATE_METHOD_MATCH = YES;
				COPY_PHASE_STRIP = NO;
				DEBUG_INFORMATION_FORMAT = "dwarf-with-dsym";
				ENABLE_NS_ASSERTIONS = NO;
				ENABLE_STRICT_OBJC_MSGSEND = YES;
				GCC_C_LANGUAGE_STANDARD = gnu11;
				GCC_NO_COMMON_BLOCKS = YES;
				GCC_WARN_64_TO_32_BIT_CONVERSION = YES;
				GCC_WARN_ABOUT_RETURN_TYPE = YES_ERROR;
				GCC_WARN_UNDECLARED_SELECTOR = YES;
				GCC_WARN_UNINITIALIZED_AUTOS = YES_AGGRESSIVE;
				GCC_WARN_UNUSED_FUNCTION = YES;
				GCC_WARN_UNUSED_VARIABLE = YES;
				IPHONEOS_DEPLOYMENT_TARGET = 16.4;
				MTL_ENABLE_DEBUG_INFO = NO;
				MTL_FAST_MATH = YES;
				SDKROOT = iphoneos;
				SWIFT_COMPILATION_MODE = wholemodule;
				SWIFT_OPTIMIZATION_LEVEL = "-O";
				VALIDATE_PRODUCT = YES;
			};
			name = Release;
		};
		58446D3A29EFCA16006EF0DA /* Debug */ = {
			isa = XCBuildConfiguration;
			buildSettings = {
				ASSETCATALOG_COMPILER_APPICON_NAME = AppIcon;
				ASSETCATALOG_COMPILER_GLOBAL_ACCENT_COLOR_NAME = AccentColor;
				CODE_SIGN_STYLE = Automatic;
				CURRENT_PROJECT_VERSION = 1;
				DEVELOPMENT_ASSET_PATHS = "\"Final Project/Preview Content\"";
				DEVELOPMENT_TEAM = ZM3DM64GF8;
				ENABLE_PREVIEWS = YES;
				GENERATE_INFOPLIST_FILE = YES;
				INFOPLIST_FILE = "Final-Project-Info.plist";
				INFOPLIST_KEY_NSLocationWhenInUseUsageDescription = "Locations needed to see users' current location";
				INFOPLIST_KEY_UIApplicationSupportsIndirectInputEvents = YES;
				INFOPLIST_KEY_UILaunchScreen_Generation = YES;
				INFOPLIST_KEY_UISupportedInterfaceOrientations_iPad = "UIInterfaceOrientationPortrait UIInterfaceOrientationPortraitUpsideDown UIInterfaceOrientationLandscapeLeft UIInterfaceOrientationLandscapeRight";
				INFOPLIST_KEY_UISupportedInterfaceOrientations_iPhone = "UIInterfaceOrientationPortrait UIInterfaceOrientationLandscapeLeft UIInterfaceOrientationLandscapeRight";
				IPHONEOS_DEPLOYMENT_TARGET = 16.2;
				LD_RUNPATH_SEARCH_PATHS = (
					"$(inherited)",
					"@executable_path/Frameworks",
				);
				MARKETING_VERSION = 1.0;
				PRODUCT_BUNDLE_IDENTIFIER = "decal.Final-Project";
				PRODUCT_NAME = "$(TARGET_NAME)";
				SWIFT_EMIT_LOC_STRINGS = YES;
				SWIFT_VERSION = 5.0;
				TARGETED_DEVICE_FAMILY = "1,2";
			};
			name = Debug;
		};
		58446D3B29EFCA16006EF0DA /* Release */ = {
			isa = XCBuildConfiguration;
			buildSettings = {
				ASSETCATALOG_COMPILER_APPICON_NAME = AppIcon;
				ASSETCATALOG_COMPILER_GLOBAL_ACCENT_COLOR_NAME = AccentColor;
				CODE_SIGN_STYLE = Automatic;
				CURRENT_PROJECT_VERSION = 1;
				DEVELOPMENT_ASSET_PATHS = "\"Final Project/Preview Content\"";
				DEVELOPMENT_TEAM = ZM3DM64GF8;
				ENABLE_PREVIEWS = YES;
				GENERATE_INFOPLIST_FILE = YES;
				INFOPLIST_FILE = "Final-Project-Info.plist";
				INFOPLIST_KEY_NSLocationWhenInUseUsageDescription = "Locations needed to see users' current location";
				INFOPLIST_KEY_UIApplicationSupportsIndirectInputEvents = YES;
				INFOPLIST_KEY_UILaunchScreen_Generation = YES;
				INFOPLIST_KEY_UISupportedInterfaceOrientations_iPad = "UIInterfaceOrientationPortrait UIInterfaceOrientationPortraitUpsideDown UIInterfaceOrientationLandscapeLeft UIInterfaceOrientationLandscapeRight";
				INFOPLIST_KEY_UISupportedInterfaceOrientations_iPhone = "UIInterfaceOrientationPortrait UIInterfaceOrientationLandscapeLeft UIInterfaceOrientationLandscapeRight";
				IPHONEOS_DEPLOYMENT_TARGET = 16.2;
				LD_RUNPATH_SEARCH_PATHS = (
					"$(inherited)",
					"@executable_path/Frameworks",
				);
				MARKETING_VERSION = 1.0;
				PRODUCT_BUNDLE_IDENTIFIER = "decal.Final-Project";
				PRODUCT_NAME = "$(TARGET_NAME)";
				SWIFT_EMIT_LOC_STRINGS = YES;
				SWIFT_VERSION = 5.0;
				TARGETED_DEVICE_FAMILY = "1,2";
			};
			name = Release;
		};
		58446D3D29EFCA16006EF0DA /* Debug */ = {
			isa = XCBuildConfiguration;
			buildSettings = {
				ALWAYS_EMBED_SWIFT_STANDARD_LIBRARIES = YES;
				BUNDLE_LOADER = "$(TEST_HOST)";
				CODE_SIGN_STYLE = Automatic;
				CURRENT_PROJECT_VERSION = 1;
				GENERATE_INFOPLIST_FILE = YES;
				IPHONEOS_DEPLOYMENT_TARGET = 16.4;
				MARKETING_VERSION = 1.0;
				PRODUCT_BUNDLE_IDENTIFIER = "michael-wu.Final-ProjectTests";
				PRODUCT_NAME = "$(TARGET_NAME)";
				SWIFT_EMIT_LOC_STRINGS = NO;
				SWIFT_VERSION = 5.0;
				TARGETED_DEVICE_FAMILY = "1,2";
				TEST_HOST = "$(BUILT_PRODUCTS_DIR)/Final Project.app/$(BUNDLE_EXECUTABLE_FOLDER_PATH)/Final Project";
			};
			name = Debug;
		};
		58446D3E29EFCA16006EF0DA /* Release */ = {
			isa = XCBuildConfiguration;
			buildSettings = {
				ALWAYS_EMBED_SWIFT_STANDARD_LIBRARIES = YES;
				BUNDLE_LOADER = "$(TEST_HOST)";
				CODE_SIGN_STYLE = Automatic;
				CURRENT_PROJECT_VERSION = 1;
				GENERATE_INFOPLIST_FILE = YES;
				IPHONEOS_DEPLOYMENT_TARGET = 16.4;
				MARKETING_VERSION = 1.0;
				PRODUCT_BUNDLE_IDENTIFIER = "michael-wu.Final-ProjectTests";
				PRODUCT_NAME = "$(TARGET_NAME)";
				SWIFT_EMIT_LOC_STRINGS = NO;
				SWIFT_VERSION = 5.0;
				TARGETED_DEVICE_FAMILY = "1,2";
				TEST_HOST = "$(BUILT_PRODUCTS_DIR)/Final Project.app/$(BUNDLE_EXECUTABLE_FOLDER_PATH)/Final Project";
			};
			name = Release;
		};
		58446D4029EFCA16006EF0DA /* Debug */ = {
			isa = XCBuildConfiguration;
			buildSettings = {
				ALWAYS_EMBED_SWIFT_STANDARD_LIBRARIES = YES;
				CODE_SIGN_STYLE = Automatic;
				CURRENT_PROJECT_VERSION = 1;
				GENERATE_INFOPLIST_FILE = YES;
				MARKETING_VERSION = 1.0;
				PRODUCT_BUNDLE_IDENTIFIER = "michael-wu.Final-ProjectUITests";
				PRODUCT_NAME = "$(TARGET_NAME)";
				SWIFT_EMIT_LOC_STRINGS = NO;
				SWIFT_VERSION = 5.0;
				TARGETED_DEVICE_FAMILY = "1,2";
				TEST_TARGET_NAME = "Final Project";
			};
			name = Debug;
		};
		58446D4129EFCA16006EF0DA /* Release */ = {
			isa = XCBuildConfiguration;
			buildSettings = {
				ALWAYS_EMBED_SWIFT_STANDARD_LIBRARIES = YES;
				CODE_SIGN_STYLE = Automatic;
				CURRENT_PROJECT_VERSION = 1;
				GENERATE_INFOPLIST_FILE = YES;
				MARKETING_VERSION = 1.0;
				PRODUCT_BUNDLE_IDENTIFIER = "michael-wu.Final-ProjectUITests";
				PRODUCT_NAME = "$(TARGET_NAME)";
				SWIFT_EMIT_LOC_STRINGS = NO;
				SWIFT_VERSION = 5.0;
				TARGETED_DEVICE_FAMILY = "1,2";
				TEST_TARGET_NAME = "Final Project";
			};
			name = Release;
		};
/* End XCBuildConfiguration section */

/* Begin XCConfigurationList section */
		58446D1029EFCA15006EF0DA /* Build configuration list for PBXProject "Final Project" */ = {
			isa = XCConfigurationList;
			buildConfigurations = (
				58446D3729EFCA16006EF0DA /* Debug */,
				58446D3829EFCA16006EF0DA /* Release */,
			);
			defaultConfigurationIsVisible = 0;
			defaultConfigurationName = Release;
		};
		58446D3929EFCA16006EF0DA /* Build configuration list for PBXNativeTarget "Final Project" */ = {
			isa = XCConfigurationList;
			buildConfigurations = (
				58446D3A29EFCA16006EF0DA /* Debug */,
				58446D3B29EFCA16006EF0DA /* Release */,
			);
			defaultConfigurationIsVisible = 0;
			defaultConfigurationName = Release;
		};
		58446D3C29EFCA16006EF0DA /* Build configuration list for PBXNativeTarget "Final ProjectTests" */ = {
			isa = XCConfigurationList;
			buildConfigurations = (
				58446D3D29EFCA16006EF0DA /* Debug */,
				58446D3E29EFCA16006EF0DA /* Release */,
			);
			defaultConfigurationIsVisible = 0;
			defaultConfigurationName = Release;
		};
		58446D3F29EFCA16006EF0DA /* Build configuration list for PBXNativeTarget "Final ProjectUITests" */ = {
			isa = XCConfigurationList;
			buildConfigurations = (
				58446D4029EFCA16006EF0DA /* Debug */,
				58446D4129EFCA16006EF0DA /* Release */,
			);
			defaultConfigurationIsVisible = 0;
			defaultConfigurationName = Release;
		};
/* End XCConfigurationList section */

/* Begin XCRemoteSwiftPackageReference section */
		01F099EA29FA365E007988E1 /* XCRemoteSwiftPackageReference "firebase-ios-sdk" */ = {
			isa = XCRemoteSwiftPackageReference;
			repositoryURL = "https://github.com/firebase/firebase-ios-sdk";
			requirement = {
				branch = master;
				kind = branch;
			};
		};
/* End XCRemoteSwiftPackageReference section */

/* Begin XCSwiftPackageProductDependency section */
		01F099EB29FA365E007988E1 /* FirebaseAnalytics */ = {
			isa = XCSwiftPackageProductDependency;
			package = 01F099EA29FA365E007988E1 /* XCRemoteSwiftPackageReference "firebase-ios-sdk" */;
			productName = FirebaseAnalytics;
		};
		01F099ED29FA365E007988E1 /* FirebaseAnalyticsOnDeviceConversion */ = {
			isa = XCSwiftPackageProductDependency;
			package = 01F099EA29FA365E007988E1 /* XCRemoteSwiftPackageReference "firebase-ios-sdk" */;
			productName = FirebaseAnalyticsOnDeviceConversion;
		};
		01F099EF29FA365E007988E1 /* FirebaseAnalyticsSwift */ = {
			isa = XCSwiftPackageProductDependency;
			package = 01F099EA29FA365E007988E1 /* XCRemoteSwiftPackageReference "firebase-ios-sdk" */;
			productName = FirebaseAnalyticsSwift;
		};
		01F099F129FA365E007988E1 /* FirebaseAnalyticsWithoutAdIdSupport */ = {
			isa = XCSwiftPackageProductDependency;
			package = 01F099EA29FA365E007988E1 /* XCRemoteSwiftPackageReference "firebase-ios-sdk" */;
			productName = FirebaseAnalyticsWithoutAdIdSupport;
		};
		01F099F329FA365E007988E1 /* FirebaseAppCheck */ = {
			isa = XCSwiftPackageProductDependency;
			package = 01F099EA29FA365E007988E1 /* XCRemoteSwiftPackageReference "firebase-ios-sdk" */;
			productName = FirebaseAppCheck;
		};
		01F099F529FA365E007988E1 /* FirebaseAppDistribution-Beta */ = {
			isa = XCSwiftPackageProductDependency;
			package = 01F099EA29FA365E007988E1 /* XCRemoteSwiftPackageReference "firebase-ios-sdk" */;
			productName = "FirebaseAppDistribution-Beta";
		};
		01F099F729FA365E007988E1 /* FirebaseAuth */ = {
			isa = XCSwiftPackageProductDependency;
			package = 01F099EA29FA365E007988E1 /* XCRemoteSwiftPackageReference "firebase-ios-sdk" */;
			productName = FirebaseAuth;
		};
		01F099F929FA365E007988E1 /* FirebaseAuthCombine-Community */ = {
			isa = XCSwiftPackageProductDependency;
			package = 01F099EA29FA365E007988E1 /* XCRemoteSwiftPackageReference "firebase-ios-sdk" */;
			productName = "FirebaseAuthCombine-Community";
		};
		01F099FB29FA365E007988E1 /* FirebaseCrashlytics */ = {
			isa = XCSwiftPackageProductDependency;
			package = 01F099EA29FA365E007988E1 /* XCRemoteSwiftPackageReference "firebase-ios-sdk" */;
			productName = FirebaseCrashlytics;
		};
		01F099FD29FA365E007988E1 /* FirebaseDatabase */ = {
			isa = XCSwiftPackageProductDependency;
			package = 01F099EA29FA365E007988E1 /* XCRemoteSwiftPackageReference "firebase-ios-sdk" */;
			productName = FirebaseDatabase;
		};
		01F099FF29FA365E007988E1 /* FirebaseDatabaseSwift */ = {
			isa = XCSwiftPackageProductDependency;
			package = 01F099EA29FA365E007988E1 /* XCRemoteSwiftPackageReference "firebase-ios-sdk" */;
			productName = FirebaseDatabaseSwift;
		};
		01F09A0129FA365E007988E1 /* FirebaseDynamicLinks */ = {
			isa = XCSwiftPackageProductDependency;
			package = 01F099EA29FA365E007988E1 /* XCRemoteSwiftPackageReference "firebase-ios-sdk" */;
			productName = FirebaseDynamicLinks;
		};
		01F09A0329FA365E007988E1 /* FirebaseFirestore */ = {
			isa = XCSwiftPackageProductDependency;
			package = 01F099EA29FA365E007988E1 /* XCRemoteSwiftPackageReference "firebase-ios-sdk" */;
			productName = FirebaseFirestore;
		};
		01F09A0529FA365E007988E1 /* FirebaseFirestoreCombine-Community */ = {
			isa = XCSwiftPackageProductDependency;
			package = 01F099EA29FA365E007988E1 /* XCRemoteSwiftPackageReference "firebase-ios-sdk" */;
			productName = "FirebaseFirestoreCombine-Community";
		};
		01F09A0729FA365E007988E1 /* FirebaseFirestoreSwift */ = {
			isa = XCSwiftPackageProductDependency;
			package = 01F099EA29FA365E007988E1 /* XCRemoteSwiftPackageReference "firebase-ios-sdk" */;
			productName = FirebaseFirestoreSwift;
		};
		01F09A0929FA365E007988E1 /* FirebaseFunctions */ = {
			isa = XCSwiftPackageProductDependency;
			package = 01F099EA29FA365E007988E1 /* XCRemoteSwiftPackageReference "firebase-ios-sdk" */;
			productName = FirebaseFunctions;
		};
		01F09A0B29FA365E007988E1 /* FirebaseFunctionsCombine-Community */ = {
			isa = XCSwiftPackageProductDependency;
			package = 01F099EA29FA365E007988E1 /* XCRemoteSwiftPackageReference "firebase-ios-sdk" */;
			productName = "FirebaseFunctionsCombine-Community";
		};
		01F09A0D29FA365E007988E1 /* FirebaseInAppMessaging-Beta */ = {
			isa = XCSwiftPackageProductDependency;
			package = 01F099EA29FA365E007988E1 /* XCRemoteSwiftPackageReference "firebase-ios-sdk" */;
			productName = "FirebaseInAppMessaging-Beta";
		};
		01F09A0F29FA365E007988E1 /* FirebaseInAppMessagingSwift-Beta */ = {
			isa = XCSwiftPackageProductDependency;
			package = 01F099EA29FA365E007988E1 /* XCRemoteSwiftPackageReference "firebase-ios-sdk" */;
			productName = "FirebaseInAppMessagingSwift-Beta";
		};
		01F09A1129FA365E007988E1 /* FirebaseInstallations */ = {
			isa = XCSwiftPackageProductDependency;
			package = 01F099EA29FA365E007988E1 /* XCRemoteSwiftPackageReference "firebase-ios-sdk" */;
			productName = FirebaseInstallations;
		};
		01F09A1329FA365E007988E1 /* FirebaseMLModelDownloader */ = {
			isa = XCSwiftPackageProductDependency;
			package = 01F099EA29FA365E007988E1 /* XCRemoteSwiftPackageReference "firebase-ios-sdk" */;
			productName = FirebaseMLModelDownloader;
		};
		01F09A1529FA365E007988E1 /* FirebaseMessaging */ = {
			isa = XCSwiftPackageProductDependency;
			package = 01F099EA29FA365E007988E1 /* XCRemoteSwiftPackageReference "firebase-ios-sdk" */;
			productName = FirebaseMessaging;
		};
		01F09A1729FA365E007988E1 /* FirebasePerformance */ = {
			isa = XCSwiftPackageProductDependency;
			package = 01F099EA29FA365E007988E1 /* XCRemoteSwiftPackageReference "firebase-ios-sdk" */;
			productName = FirebasePerformance;
		};
		01F09A1929FA365E007988E1 /* FirebaseRemoteConfig */ = {
			isa = XCSwiftPackageProductDependency;
			package = 01F099EA29FA365E007988E1 /* XCRemoteSwiftPackageReference "firebase-ios-sdk" */;
			productName = FirebaseRemoteConfig;
		};
		01F09A1B29FA365E007988E1 /* FirebaseRemoteConfigSwift */ = {
			isa = XCSwiftPackageProductDependency;
			package = 01F099EA29FA365E007988E1 /* XCRemoteSwiftPackageReference "firebase-ios-sdk" */;
			productName = FirebaseRemoteConfigSwift;
		};
		01F09A1D29FA365E007988E1 /* FirebaseStorage */ = {
			isa = XCSwiftPackageProductDependency;
			package = 01F099EA29FA365E007988E1 /* XCRemoteSwiftPackageReference "firebase-ios-sdk" */;
			productName = FirebaseStorage;
		};
		01F09A1F29FA365E007988E1 /* FirebaseStorageCombine-Community */ = {
			isa = XCSwiftPackageProductDependency;
			package = 01F099EA29FA365E007988E1 /* XCRemoteSwiftPackageReference "firebase-ios-sdk" */;
			productName = "FirebaseStorageCombine-Community";
		};
/* End XCSwiftPackageProductDependency section */
	};
	rootObject = 58446D0D29EFCA15006EF0DA /* Project object */;
}
